
Microsoft Visual Studio Solution File, Format Version 12.00
# Visual Studio Version 16
VisualStudioVersion = 16.0.30717.126
MinimumVisualStudioVersion = 10.0.40219.1
Project("{9A19103F-16F7-4668-BE54-9A1E7A4F7556}") = "DiamondPricePrediction", "DiamondPricePrediction.csproj", "{03FD651F-C447-4DB4-9418-92A3812A6C29}"
EndProject
Global
	GlobalSection(SolutionConfigurationPlatforms) = preSolution
		Debug|Any CPU = Debug|Any CPU
		Release|Any CPU = Release|Any CPU
	EndGlobalSection
	GlobalSection(ProjectConfigurationPlatforms) = postSolution
		{03FD651F-C447-4DB4-9418-92A3812A6C29}.Debug|Any CPU.ActiveCfg = Debug|Any CPU
		{03FD651F-C447-4DB4-9418-92A3812A6C29}.Debug|Any CPU.Build.0 = Debug|Any CPU
		{03FD651F-C447-4DB4-9418-92A3812A6C29}.Release|Any CPU.ActiveCfg = Release|Any CPU
		{03FD651F-C447-4DB4-9418-92A3812A6C29}.Release|Any CPU.Build.0 = Release|Any CPU
	EndGlobalSection
	GlobalSection(SolutionProperties) = preSolution
		HideSolutionNode = FALSE
	EndGlobalSection
	GlobalSection(ExtensibilityGlobals) = postSolution
		SolutionGuid = {7EFE33A4-8060-42FC-87A9-0CA193CB214A}
	EndGlobalSection
EndGlobal
